Microsoft Visual Studio Solution File, Format Version 12.00
# Visual Studio Version 17
VisualStudioVersion = 17.5.2.0
MinimumVisualStudioVersion = 10.0.40219.1
Project("{2150E333-8FDC-42A3-9474-1A3956D46DE8}") = "apps", "apps", "{1787FE1D-075E-9E68-7218-25F1BD1BBEAB}"
EndProject
Project("{FAE04EC0-301F-11D3-BF4B-00C04F79EFBC}") = "FeatureFlagAPI", "apps\FeatureFlagAPI\FeatureFlagAPI.csproj", "{D17D38AA-25A9-6DF5-44BA-385154AF7DB1}"
EndProject
Global
	GlobalSection(SolutionConfigurationPlatforms) = preSolution
		Debug|Any CPU = Debug|Any CPU
		Release|Any CPU = Release|Any CPU
	EndGlobalSection
	GlobalSection(ProjectConfigurationPlatforms) = postSolution
		{D17D38AA-25A9-6DF5-44BA-385154AF7DB1}.Debug|Any CPU.ActiveCfg = Debug|Any CPU
		{D17D38AA-25A9-6DF5-44BA-385154AF7DB1}.Debug|Any CPU.Build.0 = Debug|Any CPU
		{D17D38AA-25A9-6DF5-44BA-385154AF7DB1}.Release|Any CPU.ActiveCfg = Release|Any CPU
		{D17D38AA-25A9-6DF5-44BA-385154AF7DB1}.Release|Any CPU.Build.0 = Release|Any CPU
	EndGlobalSection
	GlobalSection(SolutionProperties) = preSolution
		HideSolutionNode = FALSE
	EndGlobalSection
	GlobalSection(NestedProjects) = preSolution
		{D17D38AA-25A9-6DF5-44BA-385154AF7DB1} = {1787FE1D-075E-9E68-7218-25F1BD1BBEAB}
	EndGlobalSection
	GlobalSection(ExtensibilityGlobals) = postSolution
		SolutionGuid = {F7ED6598-DF41-47FE-928C-581258E7F157}
	EndGlobalSection
EndGlobal
